
Microsoft Visual Studio Solution File, Format Version 12.00
# Visual Studio Version 17
VisualStudioVersion = 17.7.34024.191
MinimumVisualStudioVersion = 10.0.40219.1
Project("{FAE04EC0-301F-11D3-BF4B-00C04F79EFBC}") = "eTickets", "eTickets\eTickets.csproj", "{86C75AAB-B695-43B2-816E-F77DBE5A560D}"
EndProject
Global
	GlobalSection(SolutionConfigurationPlatforms) = preSolution
		Debug|Any CPU = Debug|Any CPU
		Release|Any CPU = Release|Any CPU
	EndGlobalSection
	GlobalSection(ProjectConfigurationPlatforms) = postSolution
		{86C75AAB-B695-43B2-816E-F77DBE5A560D}.Debug|Any CPU.ActiveCfg = Debug|Any CPU
		{86C75AAB-B695-43B2-816E-F77DBE5A560D}.Debug|Any CPU.Build.0 = Debug|Any CPU
		{86C75AAB-B695-43B2-816E-F77DBE5A560D}.Release|Any CPU.ActiveCfg = Release|Any CPU
		{86C75AAB-B695-43B2-816E-F77DBE5A560D}.Release|Any CPU.Build.0 = Release|Any CPU
	EndGlobalSection
	GlobalSection(SolutionProperties) = preSolution
		HideSolutionNode = FALSE
	EndGlobalSection
	GlobalSection(ExtensibilityGlobals) = postSolution
		SolutionGuid = {A5DDEE95-2365-4E62-BDAC-182872C04CCB}
	EndGlobalSection
EndGlobal
